
Microsoft Visual Studio Solution File, Format Version 12.00
# Visual Studio Version 17
VisualStudioVersion = 17.4.33213.308
MinimumVisualStudioVersion = 10.0.40219.1
Project("{FAE04EC0-301F-11D3-BF4B-00C04F79EFBC}") = "APIService", "APIService\APIService.csproj", "{F8B7B172-23E7-4E95-88C5-A5057E9C964F}"
EndProject
Global
	GlobalSection(SolutionConfigurationPlatforms) = preSolution
		Debug|Any CPU = Debug|Any CPU
		Release|Any CPU = Release|Any CPU
	EndGlobalSection
	GlobalSection(ProjectConfigurationPlatforms) = postSolution
		{F8B7B172-23E7-4E95-88C5-A5057E9C964F}.Debug|Any CPU.ActiveCfg = Debug|Any CPU
		{F8B7B172-23E7-4E95-88C5-A5057E9C964F}.Debug|Any CPU.Build.0 = Debug|Any CPU
		{F8B7B172-23E7-4E95-88C5-A5057E9C964F}.Release|Any CPU.ActiveCfg = Release|Any CPU
		{F8B7B172-23E7-4E95-88C5-A5057E9C964F}.Release|Any CPU.Build.0 = Release|Any CPU
	EndGlobalSection
	GlobalSection(SolutionProperties) = preSolution
		HideSolutionNode = FALSE
	EndGlobalSection
	GlobalSection(ExtensibilityGlobals) = postSolution
		SolutionGuid = {C03AB5C5-66F8-4ABE-A752-3D7B099B7ECC}
	EndGlobalSection
EndGlobal
